
Microsoft Visual Studio Solution File, Format Version 12.00
# Visual Studio Version 17
VisualStudioVersion = 17.9.34728.123
MinimumVisualStudioVersion = 10.0.40219.1
Project("{2150E333-8FDC-42A3-9474-1A3956D46DE8}") = "Integration", "Integration", "{9609080D-7D0C-4D9F-943E-478A5691FCCA}"
EndProject
Project("{2150E333-8FDC-42A3-9474-1A3956D46DE8}") = "Projects", "Projects", "{7A5924D5-B72B-4DCE-BB99-5295DD2B083F}"
EndProject
Project("{2150E333-8FDC-42A3-9474-1A3956D46DE8}") = "Services", "Services", "{9CA936D3-E40F-4765-A476-600BAFE14968}"
EndProject
Project("{2150E333-8FDC-42A3-9474-1A3956D46DE8}") = "Scripts", "Scripts", "{484E16E5-D730-47DC-9C35-2AD04B2AC45E}"
	ProjectSection(SolutionItems) = preProject
		scripts\docker-compose-databases.yml = scripts\docker-compose-databases.yml
	EndProjectSection
EndProject
Project("{2150E333-8FDC-42A3-9474-1A3956D46DE8}") = "Cms", "Cms", "{C9B991C4-B978-423E-9901-41102E6FCBF7}"
EndProject
Project("{9A19103F-16F7-4668-BE54-9A1E7A4F7556}") = "UNIVidaPortalWeb.Cms", "UNIVidaPortalWeb.Cms\UNIVidaPortalWeb.Cms.csproj", "{F639ABC2-E2B8-432B-940A-5F0542F62CFD}"
EndProject
Project("{2150E333-8FDC-42A3-9474-1A3956D46DE8}") = "Noticias", "Noticias", "{00BBF017-63CB-482F-BD53-B6B29CFEC036}"
EndProject
Project("{9A19103F-16F7-4668-BE54-9A1E7A4F7556}") = "UNIVidaPortalWeb.Noticias", "UNIVidaPortalWeb.Noticias\UNIVidaPortalWeb.Noticias.csproj", "{897A3F8E-8280-4BC0-B438-5ABCFDF0CB84}"
EndProject
Project("{2150E333-8FDC-42A3-9474-1A3956D46DE8}") = "Convocatorias", "Convocatorias", "{981B52EF-EB28-48F8-A057-82196A731C37}"
EndProject
Project("{2150E333-8FDC-42A3-9474-1A3956D46DE8}") = "Common", "Common", "{8606145B-DFA1-4C6F-8A87-2A7878E3BAEC}"
EndProject
Project("{9A19103F-16F7-4668-BE54-9A1E7A4F7556}") = "UNIVidaPortalWeb.Common.Token", "UnividaPortalWeb.Common.Token\UNIVidaPortalWeb.Common.Token.csproj", "{B5EDAB0C-B5DD-43D1-B352-36D124CD2E84}"
EndProject
Project("{2150E333-8FDC-42A3-9474-1A3956D46DE8}") = "Seguridad", "Seguridad", "{5A189842-1E68-4348-8DF8-8EB5128B6C12}"
EndProject
Project("{9A19103F-16F7-4668-BE54-9A1E7A4F7556}") = "UNIVidaPortalWeb.Seguridad", "UNIVidaPortalWeb.Seguridad\UNIVidaPortalWeb.Seguridad.csproj", "{18E20898-D97F-47C4-A7CB-6261FBC6B20F}"
EndProject
Project("{9A19103F-16F7-4668-BE54-9A1E7A4F7556}") = "UNIVidaPortalWeb.Convocatorias", "UNIVidaPortalWeb.Convocatorias\UNIVidaPortalWeb.Convocatorias.csproj", "{CB7E405E-ACC3-4850-A210-2334C2090A77}"
EndProject
Project("{9A19103F-16F7-4668-BE54-9A1E7A4F7556}") = "UNIVidaPortalWeb.GatewayExterno", "UNIVidaPortalWeb.GatewayExterno\UNIVidaPortalWeb.GatewayExterno.csproj", "{DF896B01-44BD-4F3E-A4A0-F81521306062}"
EndProject
Project("{FAE04EC0-301F-11D3-BF4B-00C04F79EFBC}") = "UNIVidaPortalWeb.GatewayInterno", "UNIVidaPortalWeb.GatewayInterno\UNIVidaPortalWeb.GatewayInterno.csproj", "{2D8B1235-B106-4CC0-A3BE-3D5EFFDB1B66}"
EndProject
Global
	GlobalSection(SolutionConfigurationPlatforms) = preSolution
		Debug|Any CPU = Debug|Any CPU
		Release|Any CPU = Release|Any CPU
	EndGlobalSection
	GlobalSection(ProjectConfigurationPlatforms) = postSolution
		{F639ABC2-E2B8-432B-940A-5F0542F62CFD}.Debug|Any CPU.ActiveCfg = Debug|Any CPU
		{F639ABC2-E2B8-432B-940A-5F0542F62CFD}.Debug|Any CPU.Build.0 = Debug|Any CPU
		{F639ABC2-E2B8-432B-940A-5F0542F62CFD}.Release|Any CPU.ActiveCfg = Release|Any CPU
		{F639ABC2-E2B8-432B-940A-5F0542F62CFD}.Release|Any CPU.Build.0 = Release|Any CPU
		{897A3F8E-8280-4BC0-B438-5ABCFDF0CB84}.Debug|Any CPU.ActiveCfg = Debug|Any CPU
		{897A3F8E-8280-4BC0-B438-5ABCFDF0CB84}.Debug|Any CPU.Build.0 = Debug|Any CPU
		{897A3F8E-8280-4BC0-B438-5ABCFDF0CB84}.Release|Any CPU.ActiveCfg = Release|Any CPU
		{897A3F8E-8280-4BC0-B438-5ABCFDF0CB84}.Release|Any CPU.Build.0 = Release|Any CPU
		{B5EDAB0C-B5DD-43D1-B352-36D124CD2E84}.Debug|Any CPU.ActiveCfg = Debug|Any CPU
		{B5EDAB0C-B5DD-43D1-B352-36D124CD2E84}.Debug|Any CPU.Build.0 = Debug|Any CPU
		{B5EDAB0C-B5DD-43D1-B352-36D124CD2E84}.Release|Any CPU.ActiveCfg = Release|Any CPU
		{B5EDAB0C-B5DD-43D1-B352-36D124CD2E84}.Release|Any CPU.Build.0 = Release|Any CPU
		{18E20898-D97F-47C4-A7CB-6261FBC6B20F}.Debug|Any CPU.ActiveCfg = Debug|Any CPU
		{18E20898-D97F-47C4-A7CB-6261FBC6B20F}.Debug|Any CPU.Build.0 = Debug|Any CPU
		{18E20898-D97F-47C4-A7CB-6261FBC6B20F}.Release|Any CPU.ActiveCfg = Release|Any CPU
		{18E20898-D97F-47C4-A7CB-6261FBC6B20F}.Release|Any CPU.Build.0 = Release|Any CPU
		{CB7E405E-ACC3-4850-A210-2334C2090A77}.Debug|Any CPU.ActiveCfg = Debug|Any CPU
		{CB7E405E-ACC3-4850-A210-2334C2090A77}.Debug|Any CPU.Build.0 = Debug|Any CPU
		{CB7E405E-ACC3-4850-A210-2334C2090A77}.Release|Any CPU.ActiveCfg = Release|Any CPU
		{CB7E405E-ACC3-4850-A210-2334C2090A77}.Release|Any CPU.Build.0 = Release|Any CPU
		{DF896B01-44BD-4F3E-A4A0-F81521306062}.Debug|Any CPU.ActiveCfg = Debug|Any CPU
		{DF896B01-44BD-4F3E-A4A0-F81521306062}.Debug|Any CPU.Build.0 = Debug|Any CPU
		{DF896B01-44BD-4F3E-A4A0-F81521306062}.Release|Any CPU.ActiveCfg = Release|Any CPU
		{DF896B01-44BD-4F3E-A4A0-F81521306062}.Release|Any CPU.Build.0 = Release|Any CPU
		{2D8B1235-B106-4CC0-A3BE-3D5EFFDB1B66}.Debug|Any CPU.ActiveCfg = Debug|Any CPU
		{2D8B1235-B106-4CC0-A3BE-3D5EFFDB1B66}.Debug|Any CPU.Build.0 = Debug|Any CPU
		{2D8B1235-B106-4CC0-A3BE-3D5EFFDB1B66}.Release|Any CPU.ActiveCfg = Release|Any CPU
		{2D8B1235-B106-4CC0-A3BE-3D5EFFDB1B66}.Release|Any CPU.Build.0 = Release|Any CPU
	EndGlobalSection
	GlobalSection(SolutionProperties) = preSolution
		HideSolutionNode = FALSE
	EndGlobalSection
	GlobalSection(NestedProjects) = preSolution
		{9CA936D3-E40F-4765-A476-600BAFE14968} = {7A5924D5-B72B-4DCE-BB99-5295DD2B083F}
		{C9B991C4-B978-423E-9901-41102E6FCBF7} = {9CA936D3-E40F-4765-A476-600BAFE14968}
		{F639ABC2-E2B8-432B-940A-5F0542F62CFD} = {C9B991C4-B978-423E-9901-41102E6FCBF7}
		{00BBF017-63CB-482F-BD53-B6B29CFEC036} = {9CA936D3-E40F-4765-A476-600BAFE14968}
		{897A3F8E-8280-4BC0-B438-5ABCFDF0CB84} = {00BBF017-63CB-482F-BD53-B6B29CFEC036}
		{981B52EF-EB28-48F8-A057-82196A731C37} = {9CA936D3-E40F-4765-A476-600BAFE14968}
		{B5EDAB0C-B5DD-43D1-B352-36D124CD2E84} = {8606145B-DFA1-4C6F-8A87-2A7878E3BAEC}
		{5A189842-1E68-4348-8DF8-8EB5128B6C12} = {9CA936D3-E40F-4765-A476-600BAFE14968}
		{18E20898-D97F-47C4-A7CB-6261FBC6B20F} = {5A189842-1E68-4348-8DF8-8EB5128B6C12}
		{CB7E405E-ACC3-4850-A210-2334C2090A77} = {981B52EF-EB28-48F8-A057-82196A731C37}
		{DF896B01-44BD-4F3E-A4A0-F81521306062} = {9609080D-7D0C-4D9F-943E-478A5691FCCA}
		{2D8B1235-B106-4CC0-A3BE-3D5EFFDB1B66} = {9609080D-7D0C-4D9F-943E-478A5691FCCA}
	EndGlobalSection
	GlobalSection(ExtensibilityGlobals) = postSolution
		SolutionGuid = {1C492E30-637D-4AF2-B48E-843EA91B422D}
	EndGlobalSection
EndGlobal
